// !$*UTF8*$!
{
	archiveVersion = 1;
	classes = {
	};
	objectVersion = 77;
	objects = {

/* Begin PBXBuildFile section */
		CBCC06B62F21FD7A0045701D /* LinkKit in Frameworks */ = {isa = PBXBuildFile; productRef = CBCC06B52F21FD7A0045701D /* LinkKit */; };
/* End PBXBuildFile section */

/* Begin PBXContainerItemProxy section */
		CB430B3B2F214934000FEFC0 /* PBXContainerItemProxy */ = {
			isa = PBXContainerItemProxy;
			containerPortal = CB430B252F214931000FEFC0 /* Project object */;
			proxyType = 1;
			remoteGlobalIDString = CB430B2C2F214931000FEFC0;
			remoteInfo = BucketCopilot;
		};
		CB430B452F214934000FEFC0 /* PBXContainerItemProxy */ = {
			isa = PBXContainerItemProxy;
			containerPortal = CB430B252F214931000FEFC0 /* Project object */;
			proxyType = 1;
			remoteGlobalIDString = CB430B2C2F214931000FEFC0;
			remoteInfo = BucketCopilot;
		};
/* End PBXContainerItemProxy section */

/* Begin PBXFileReference section */
		CB430B2D2F214931000FEFC0 /* BucketCopilot.app */ = {isa = PBXFileReference; explicitFileType = wrapper.application; includeInIndex = 0; path = BucketCopilot.app; sourceTree = BUILT_PRODUCTS_DIR; };
		CB430B3A2F214934000FEFC0 /* BucketCopilotTests.xctest */ = {isa = PBXFileReference; explicitFileType = wrapper.cfbundle; includeInIndex = 0; path = BucketCopilotTests.xctest; sourceTree = BUILT_PRODUCTS_DIR; };
		CB430B442F214934000FEFC0 /* BucketCopilotUITests.xctest */ = {isa = PBXFileReference; explicitFileType = wrapper.cfbundle; includeInIndex = 0; path = BucketCopilotUITests.xctest; sourceTree = BUILT_PRODUCTS_DIR; };
/* End PBXFileReference section */

/* Begin PBXFileSystemSynchronizedBuildFileExceptionSet section */
		CB430B612F214F38000FEFC0 /* Exceptions for "BucketPilot" folder in "BucketCopilot" target */ = {
			isa = PBXFileSystemSynchronizedBuildFileExceptionSet;
			membershipExceptions = (
				App/BucketPilotApp.swift,
				App/ContentView.swift,
				Config/Config.swift,
				Data/DataModel.swift,
				Models/AllocationEvent.swift,
				Models/Bucket.swift,
				Models/FundingRule.swift,
				Models/MerchantMappingRule.swift,
				Models/SyncState.swift,
				Models/Transaction.swift,
				Models/TransactionSplit.swift,
				Services/AIService.swift,
				Services/AllocationEngine.swift,
				Services/BucketLedgerService.swift,
				Services/PlaidService.swift,
				Services/SyncService.swift,
				Views/Buckets/BucketsListView.swift,
				Views/Home/HomeView.swift,
				Views/Insights/InsightsView.swift,
				Views/Rules/RulesListView.swift,
				Views/Settings/SettingsView.swift,
				Views/Transactions/TransactionsListView.swift,
			);
			target = CB430B2C2F214931000FEFC0 /* BucketCopilot */;
		};
		CB430B622F214F38000FEFC0 /* Exceptions for "BucketPilot" folder in "BucketCopilotTests" target */ = {
			isa = PBXFileSystemSynchronizedBuildFileExceptionSet;
			membershipExceptions = (
				App/BucketPilotApp.swift,
				App/ContentView.swift,
				Config/Config.swift,
				Data/DataModel.swift,
				Models/AllocationEvent.swift,
				Models/Bucket.swift,
				Models/FundingRule.swift,
				Models/MerchantMappingRule.swift,
				Models/SyncState.swift,
				Models/Transaction.swift,
				Models/TransactionSplit.swift,
				Services/AIService.swift,
				Services/AllocationEngine.swift,
				Services/BucketLedgerService.swift,
				Services/PlaidService.swift,
				Services/SyncService.swift,
				Views/Buckets/BucketsListView.swift,
				Views/Home/HomeView.swift,
				Views/Insights/InsightsView.swift,
				Views/Rules/RulesListView.swift,
				Views/Settings/SettingsView.swift,
				Views/Transactions/TransactionsListView.swift,
			);
			target = CB430B392F214934000FEFC0 /* BucketCopilotTests */;
		};
/* End PBXFileSystemSynchronizedBuildFileExceptionSet section */

/* Begin PBXFileSystemSynchronizedRootGroup section */
		CB430B3D2F214934000FEFC0 /* BucketCopilotTests */ = {
			isa = PBXFileSystemSynchronizedRootGroup;
			path = BucketCopilotTests;
			sourceTree = "<group>";
		};
		CB430B472F214934000FEFC0 /* BucketCopilotUITests */ = {
			isa = PBXFileSystemSynchronizedRootGroup;
			path = BucketCopilotUITests;
			sourceTree = "<group>";
		};
		CB430B5B2F214EE6000FEFC0 /* BucketPilot */ = {
			isa = PBXFileSystemSynchronizedRootGroup;
			exceptions = (
				CB430B612F214F38000FEFC0 /* Exceptions for "BucketPilot" folder in "BucketCopilot" target */,
				CB430B622F214F38000FEFC0 /* Exceptions for "BucketPilot" folder in "BucketCopilotTests" target */,
			);
			path = BucketPilot;
			sourceTree = "<group>";
		};
/* End PBXFileSystemSynchronizedRootGroup section */

/* Begin PBXFrameworksBuildPhase section */
		CB430B2A2F214931000FEFC0 /* Frameworks */ = {
			isa = PBXFrameworksBuildPhase;
			buildActionMask = 2147483647;
			files = (
				CBCC06B62F21FD7A0045701D /* LinkKit in Frameworks */,
			);
			runOnlyForDeploymentPostprocessing = 0;
		};
		CB430B372F214934000FEFC0 /* Frameworks */ = {
			isa = PBXFrameworksBuildPhase;
			buildActionMask = 2147483647;
			files = (
			);
			runOnlyForDeploymentPostprocessing = 0;
		};
		CB430B412F214934000FEFC0 /* Frameworks */ = {
			isa = PBXFrameworksBuildPhase;
			buildActionMask = 2147483647;
			files = (
			);
			runOnlyForDeploymentPostprocessing = 0;
		};
/* End PBXFrameworksBuildPhase section */

/* Begin PBXGroup section */
		CB430B242F214931000FEFC0 = {
			isa = PBXGroup;
			children = (
				CB430B5B2F214EE6000FEFC0 /* BucketPilot */,
				CB430B3D2F214934000FEFC0 /* BucketCopilotTests */,
				CB430B472F214934000FEFC0 /* BucketCopilotUITests */,
				CBCC06B42F21FD7A0045701D /* Frameworks */,
				CB430B2E2F214931000FEFC0 /* Products */,
			);
			sourceTree = "<group>";
		};
		CB430B2E2F214931000FEFC0 /* Products */ = {
			isa = PBXGroup;
			children = (
				CB430B2D2F214931000FEFC0 /* BucketCopilot.app */,
				CB430B3A2F214934000FEFC0 /* BucketCopilotTests.xctest */,
				CB430B442F214934000FEFC0 /* BucketCopilotUITests.xctest */,
			);
			name = Products;
			sourceTree = "<group>";
		};
		CBCC06B42F21FD7A0045701D /* Frameworks */ = {
			isa = PBXGroup;
			children = (
			);
			name = Frameworks;
			sourceTree = "<group>";
		};
/* End PBXGroup section */

/* Begin PBXNativeTarget section */
		CB430B2C2F214931000FEFC0 /* BucketCopilot */ = {
			isa = PBXNativeTarget;
			buildConfigurationList = CB430B4E2F214934000FEFC0 /* Build configuration list for PBXNativeTarget "BucketCopilot" */;
			buildPhases = (
				CB430B292F214931000FEFC0 /* Sources */,
				CB430B2A2F214931000FEFC0 /* Frameworks */,
				CB430B2B2F214931000FEFC0 /* Resources */,
			);
			buildRules = (
			);
			dependencies = (
			);
			name = BucketCopilot;
			packageProductDependencies = (
				CBCC06B52F21FD7A0045701D /* LinkKit */,
			);
			productName = BucketCopilot;
			productReference = CB430B2D2F214931000FEFC0 /* BucketCopilot.app */;
			productType = "com.apple.product-type.application";
		};
		CB430B392F214934000FEFC0 /* BucketCopilotTests */ = {
			isa = PBXNativeTarget;
			buildConfigurationList = CB430B512F214935000FEFC0 /* Build configuration list for PBXNativeTarget "BucketCopilotTests" */;
			buildPhases = (
				CB430B362F214934000FEFC0 /* Sources */,
				CB430B372F214934000FEFC0 /* Frameworks */,
				CB430B382F214934000FEFC0 /* Resources */,
			);
			buildRules = (
			);
			dependencies = (
				CB430B3C2F214934000FEFC0 /* PBXTargetDependency */,
			);
			fileSystemSynchronizedGroups = (
				CB430B3D2F214934000FEFC0 /* BucketCopilotTests */,
				CB430B5B2F214EE6000FEFC0 /* BucketPilot */,
			);
			name = BucketCopilotTests;
			packageProductDependencies = (
			);
			productName = BucketCopilotTests;
			productReference = CB430B3A2F214934000FEFC0 /* BucketCopilotTests.xctest */;
			productType = "com.apple.product-type.bundle.unit-test";
		};
		CB430B432F214934000FEFC0 /* BucketCopilotUITests */ = {
			isa = PBXNativeTarget;
			buildConfigurationList = CB430B542F214935000FEFC0 /* Build configuration list for PBXNativeTarget "BucketCopilotUITests" */;
			buildPhases = (
				CB430B402F214934000FEFC0 /* Sources */,
				CB430B412F214934000FEFC0 /* Frameworks */,
				CB430B422F214934000FEFC0 /* Resources */,
			);
			buildRules = (
			);
			dependencies = (
				CB430B462F214934000FEFC0 /* PBXTargetDependency */,
			);
			fileSystemSynchronizedGroups = (
				CB430B472F214934000FEFC0 /* BucketCopilotUITests */,
			);
			name = BucketCopilotUITests;
			packageProductDependencies = (
			);
			productName = BucketCopilotUITests;
			productReference = CB430B442F214934000FEFC0 /* BucketCopilotUITests.xctest */;
			productType = "com.apple.product-type.bundle.ui-testing";
		};
/* End PBXNativeTarget section */

/* Begin PBXProject section */
		CB430B252F214931000FEFC0 /* Project object */ = {
			isa = PBXProject;
			attributes = {
				BuildIndependentTargetsInParallel = 1;
				LastSwiftUpdateCheck = 2620;
				LastUpgradeCheck = 2620;
				TargetAttributes = {
					CB430B2C2F214931000FEFC0 = {
						CreatedOnToolsVersion = 26.2;
						LastSwiftMigration = 2620;
					};
					CB430B392F214934000FEFC0 = {
						CreatedOnToolsVersion = 26.2;
						TestTargetID = CB430B2C2F214931000FEFC0;
					};
					CB430B432F214934000FEFC0 = {
						CreatedOnToolsVersion = 26.2;
						TestTargetID = CB430B2C2F214931000FEFC0;
					};
				};
			};
			buildConfigurationList = CB430B282F214931000FEFC0 /* Build configuration list for PBXProject "BucketCopilot" */;
			developmentRegion = en;
			hasScannedForEncodings = 0;
			knownRegions = (
				en,
				Base,
			);
			mainGroup = CB430B242F214931000FEFC0;
			minimizedProjectReferenceProxies = 1;
			packageReferences = (
				CB430BE92F21F5DD000FEFC0 /* XCRemoteSwiftPackageReference "plaid-link-ios-spm" */,
			);
			preferredProjectObjectVersion = 77;
			productRefGroup = CB430B2E2F214931000FEFC0 /* Products */;
			projectDirPath = "";
			projectRoot = "";
			targets = (
				CB430B2C2F214931000FEFC0 /* BucketCopilot */,
				CB430B392F214934000FEFC0 /* BucketCopilotTests */,
				CB430B432F214934000FEFC0 /* BucketCopilotUITests */,
			);
		};
/* End PBXProject section */

/* Begin PBXResourcesBuildPhase section */
		CB430B2B2F214931000FEFC0 /* Resources */ = {
			isa = PBXResourcesBuildPhase;
			buildActionMask = 2147483647;
			files = (
			);
			runOnlyForDeploymentPostprocessing = 0;
		};
		CB430B382F214934000FEFC0 /* Resources */ = {
			isa = PBXResourcesBuildPhase;
			buildActionMask = 2147483647;
			files = (
			);
			runOnlyForDeploymentPostprocessing = 0;
		};
		CB430B422F214934000FEFC0 /* Resources */ = {
			isa = PBXResourcesBuildPhase;
			buildActionMask = 2147483647;
			files = (
			);
			runOnlyForDeploymentPostprocessing = 0;
		};
/* End PBXResourcesBuildPhase section */

/* Begin PBXSourcesBuildPhase section */
		CB430B292F214931000FEFC0 /* Sources */ = {
			isa = PBXSourcesBuildPhase;
			buildActionMask = 2147483647;
			files = (
			);
			runOnlyForDeploymentPostprocessing = 0;
		};
		CB430B362F214934000FEFC0 /* Sources */ = {
			isa = PBXSourcesBuildPhase;
			buildActionMask = 2147483647;
			files = (
			);
			runOnlyForDeploymentPostprocessing = 0;
		};
		CB430B402F214934000FEFC0 /* Sources */ = {
			isa = PBXSourcesBuildPhase;
			buildActionMask = 2147483647;
			files = (
			);
			runOnlyForDeploymentPostprocessing = 0;
		};
/* End PBXSourcesBuildPhase section */

/* Begin PBXTargetDependency section */
		CB430B3C2F214934000FEFC0 /* PBXTargetDependency */ = {
			isa = PBXTargetDependency;
			target = CB430B2C2F214931000FEFC0 /* BucketCopilot */;
			targetProxy = CB430B3B2F214934000FEFC0 /* PBXContainerItemProxy */;
		};
		CB430B462F214934000FEFC0 /* PBXTargetDependency */ = {
			isa = PBXTargetDependency;
			target = CB430B2C2F214931000FEFC0 /* BucketCopilot */;
			targetProxy = CB430B452F214934000FEFC0 /* PBXContainerItemProxy */;
		};
/* End PBXTargetDependency section */

/* Begin XCBuildConfiguration section */
		CB430B4C2F214934000FEFC0 /* Debug */ = {
			isa = XCBuildConfiguration;
			buildSettings = {
				ALWAYS_SEARCH_USER_PATHS = NO;
				ASSETCATALOG_COMPILER_GENERATE_SWIFT_ASSET_SYMBOL_EXTENSIONS = YES;
				CLANG_ANALYZER_NONNULL = YES;
				CLANG_ANALYZER_NUMBER_OBJECT_CONVERSION = YES_AGGRESSIVE;
				CLANG_CXX_LANGUAGE_STANDARD = "gnu++20";
				CLANG_ENABLE_MODULES = YES;
				CLANG_ENABLE_OBJC_ARC = YES;
				CLANG_ENABLE_OBJC_WEAK = YES;
				CLANG_WARN_BLOCK_CAPTURE_AUTORELEASING = YES;
				CLANG_WARN_BOOL_CONVERSION = YES;
				CLANG_WARN_COMMA = YES;
				CLANG_WARN_CONSTANT_CONVERSION = YES;
				CLANG_WARN_DEPRECATED_OBJC_IMPLEMENTATIONS = YES;
				CLANG_WARN_DIRECT_OBJC_ISA_USAGE = YES_ERROR;
				CLANG_WARN_DOCUMENTATION_COMMENTS = YES;
				CLANG_WARN_EMPTY_BODY = YES;
				CLANG_WARN_ENUM_CONVERSION = YES;
				CLANG_WARN_INFINITE_RECURSION = YES;
				CLANG_WARN_INT_CONVERSION = YES;
				CLANG_WARN_NON_LITERAL_NULL_CONVERSION = YES;
				CLANG_WARN_OBJC_IMPLICIT_RETAIN_SELF = YES;
				CLANG_WARN_OBJC_LITERAL_CONVERSION = YES;
				CLANG_WARN_OBJC_ROOT_CLASS = YES_ERROR;
				CLANG_WARN_QUOTED_INCLUDE_IN_FRAMEWORK_HEADER = YES;
				CLANG_WARN_RANGE_LOOP_ANALYSIS = YES;
				CLANG_WARN_STRICT_PROTOTYPES = YES;
				CLANG_WARN_SUSPICIOUS_MOVE = YES;
				CLANG_WARN_UNGUARDED_AVAILABILITY = YES_AGGRESSIVE;
				CLANG_WARN_UNREACHABLE_CODE = YES;
				CLANG_WARN__DUPLICATE_METHOD_MATCH = YES;
				COPY_PHASE_STRIP = NO;
				DEBUG_INFORMATION_FORMAT = dwarf;
				DEVELOPMENT_TEAM = 286LKF859M;
				ENABLE_STRICT_OBJC_MSGSEND = YES;
				ENABLE_TESTABILITY = YES;
				ENABLE_USER_SCRIPT_SANDBOXING = YES;
				GCC_C_LANGUAGE_STANDARD = gnu17;
				GCC_DYNAMIC_NO_PIC = NO;
				GCC_NO_COMMON_BLOCKS = YES;
				GCC_OPTIMIZATION_LEVEL = 0;
				GCC_PREPROCESSOR_DEFINITIONS = (
					"DEBUG=1",
					"$(inherited)",
				);
				GCC_WARN_64_TO_32_BIT_CONVERSION = YES;
				GCC_WARN_ABOUT_RETURN_TYPE = YES_ERROR;
				GCC_WARN_UNDECLARED_SELECTOR = YES;
				GCC_WARN_UNINITIALIZED_AUTOS = YES_AGGRESSIVE;
				GCC_WARN_UNUSED_FUNCTION = YES;
				GCC_WARN_UNUSED_VARIABLE = YES;
				IPHONEOS_DEPLOYMENT_TARGET = 26.2;
				LOCALIZATION_PREFERS_STRING_CATALOGS = YES;
				MTL_ENABLE_DEBUG_INFO = INCLUDE_SOURCE;
				MTL_FAST_MATH = YES;
				ONLY_ACTIVE_ARCH = YES;
				SDKROOT = iphoneos;
				SWIFT_ACTIVE_COMPILATION_CONDITIONS = "DEBUG $(inherited)";
				SWIFT_OPTIMIZATION_LEVEL = "-Onone";
			};
			name = Debug;
		};
		CB430B4D2F214934000FEFC0 /* Release */ = {
			isa = XCBuildConfiguration;
			buildSettings = {
				ALWAYS_SEARCH_USER_PATHS = NO;
				ASSETCATALOG_COMPILER_GENERATE_SWIFT_ASSET_SYMBOL_EXTENSIONS = YES;
				CLANG_ANALYZER_NONNULL = YES;
				CLANG_ANALYZER_NUMBER_OBJECT_CONVERSION = YES_AGGRESSIVE;
				CLANG_CXX_LANGUAGE_STANDARD = "gnu++20";
				CLANG_ENABLE_MODULES = YES;
				CLANG_ENABLE_OBJC_ARC = YES;
				CLANG_ENABLE_OBJC_WEAK = YES;
				CLANG_WARN_BLOCK_CAPTURE_AUTORELEASING = YES;
				CLANG_WARN_BOOL_CONVERSION = YES;
				CLANG_WARN_COMMA = YES;
				CLANG_WARN_CONSTANT_CONVERSION = YES;
				CLANG_WARN_DEPRECATED_OBJC_IMPLEMENTATIONS = YES;
				CLANG_WARN_DIRECT_OBJC_ISA_USAGE = YES_ERROR;
				CLANG_WARN_DOCUMENTATION_COMMENTS = YES;
				CLANG_WARN_EMPTY_BODY = YES;
				CLANG_WARN_ENUM_CONVERSION = YES;
				CLANG_WARN_INFINITE_RECURSION = YES;
				CLANG_WARN_INT_CONVERSION = YES;
				CLANG_WARN_NON_LITERAL_NULL_CONVERSION = YES;
				CLANG_WARN_OBJC_IMPLICIT_RETAIN_SELF = YES;
				CLANG_WARN_OBJC_LITERAL_CONVERSION = YES;
				CLANG_WARN_OBJC_ROOT_CLASS = YES_ERROR;
				CLANG_WARN_QUOTED_INCLUDE_IN_FRAMEWORK_HEADER = YES;
				CLANG_WARN_RANGE_LOOP_ANALYSIS = YES;
				CLANG_WARN_STRICT_PROTOTYPES = YES;
				CLANG_WARN_SUSPICIOUS_MOVE = YES;
				CLANG_WARN_UNGUARDED_AVAILABILITY = YES_AGGRESSIVE;
				CLANG_WARN_UNREACHABLE_CODE = YES;
				CLANG_WARN__DUPLICATE_METHOD_MATCH = YES;
				COPY_PHASE_STRIP = NO;
				DEBUG_INFORMATION_FORMAT = "dwarf-with-dsym";
				DEVELOPMENT_TEAM = 286LKF859M;
				ENABLE_NS_ASSERTIONS = NO;
				ENABLE_STRICT_OBJC_MSGSEND = YES;
				ENABLE_USER_SCRIPT_SANDBOXING = YES;
				GCC_C_LANGUAGE_STANDARD = gnu17;
				GCC_NO_COMMON_BLOCKS = YES;
				GCC_WARN_64_TO_32_BIT_CONVERSION = YES;
				GCC_WARN_ABOUT_RETURN_TYPE = YES_ERROR;
				GCC_WARN_UNDECLARED_SELECTOR = YES;
				GCC_WARN_UNINITIALIZED_AUTOS = YES_AGGRESSIVE;
				GCC_WARN_UNUSED_FUNCTION = YES;
				GCC_WARN_UNUSED_VARIABLE = YES;
				IPHONEOS_DEPLOYMENT_TARGET = 26.2;
				LOCALIZATION_PREFERS_STRING_CATALOGS = YES;
				MTL_ENABLE_DEBUG_INFO = NO;
				MTL_FAST_MATH = YES;
				SDKROOT = iphoneos;
				SWIFT_COMPILATION_MODE = wholemodule;
				VALIDATE_PRODUCT = YES;
			};
			name = Release;
		};
		CB430B4F2F214934000FEFC0 /* Debug */ = {
			isa = XCBuildConfiguration;
			buildSettings = {
				ASSETCATALOG_COMPILER_APPICON_NAME = AppIcon;
				ASSETCATALOG_COMPILER_GLOBAL_ACCENT_COLOR_NAME = AccentColor;
				CLANG_ENABLE_MODULES = YES;
				CODE_SIGN_STYLE = Automatic;
				CURRENT_PROJECT_VERSION = 1;
				DEVELOPMENT_TEAM = 286LKF859M;
				ENABLE_PREVIEWS = YES;
				GENERATE_INFOPLIST_FILE = YES;
				INFOPLIST_KEY_UIApplicationSceneManifest_Generation = YES;
				INFOPLIST_KEY_UIApplicationSupportsIndirectInputEvents = YES;
				INFOPLIST_KEY_UILaunchScreen_Generation = YES;
				INFOPLIST_KEY_UISupportedInterfaceOrientations_iPad = "UIInterfaceOrientationPortrait UIInterfaceOrientationPortraitUpsideDown UIInterfaceOrientationLandscapeLeft UIInterfaceOrientationLandscapeRight";
				INFOPLIST_KEY_UISupportedInterfaceOrientations_iPhone = "UIInterfaceOrientationPortrait UIInterfaceOrientationLandscapeLeft UIInterfaceOrientationLandscapeRight";
				LD_RUNPATH_SEARCH_PATHS = (
					"$(inherited)",
					"@executable_path/Frameworks",
				);
				MARKETING_VERSION = 1.0;
				PRODUCT_BUNDLE_IDENTIFIER = com.dushin.BucketCopilot;
				PRODUCT_NAME = "$(TARGET_NAME)";
				STRING_CATALOG_GENERATE_SYMBOLS = YES;
				SWIFT_APPROACHABLE_CONCURRENCY = YES;
				SWIFT_DEFAULT_ACTOR_ISOLATION = None;
				SWIFT_EMIT_LOC_STRINGS = YES;
				SWIFT_OPTIMIZATION_LEVEL = "-Onone";
				SWIFT_UPCOMING_FEATURE_MEMBER_IMPORT_VISIBILITY = YES;
				SWIFT_VERSION = 5.0;
				TARGETED_DEVICE_FAMILY = "1,2";
			};
			name = Debug;
		};
		CB430B502F214934000FEFC0 /* Release */ = {
			isa = XCBuildConfiguration;
			buildSettings = {
				ASSETCATALOG_COMPILER_APPICON_NAME = AppIcon;
				ASSETCATALOG_COMPILER_GLOBAL_ACCENT_COLOR_NAME = AccentColor;
				CLANG_ENABLE_MODULES = YES;
				CODE_SIGN_STYLE = Automatic;
				CURRENT_PROJECT_VERSION = 1;
				DEVELOPMENT_TEAM = 286LKF859M;
				ENABLE_PREVIEWS = YES;
				GENERATE_INFOPLIST_FILE = YES;
				INFOPLIST_KEY_UIApplicationSceneManifest_Generation = YES;
				INFOPLIST_KEY_UIApplicationSupportsIndirectInputEvents = YES;
				INFOPLIST_KEY_UILaunchScreen_Generation = YES;
				INFOPLIST_KEY_UISupportedInterfaceOrientations_iPad = "UIInterfaceOrientationPortrait UIInterfaceOrientationPortraitUpsideDown UIInterfaceOrientationLandscapeLeft UIInterfaceOrientationLandscapeRight";
				INFOPLIST_KEY_UISupportedInterfaceOrientations_iPhone = "UIInterfaceOrientationPortrait UIInterfaceOrientationLandscapeLeft UIInterfaceOrientationLandscapeRight";
				LD_RUNPATH_SEARCH_PATHS = (
					"$(inherited)",
					"@executable_path/Frameworks",
				);
				MARKETING_VERSION = 1.0;
				PRODUCT_BUNDLE_IDENTIFIER = com.dushin.BucketCopilot;
				PRODUCT_NAME = "$(TARGET_NAME)";
				STRING_CATALOG_GENERATE_SYMBOLS = YES;
				SWIFT_APPROACHABLE_CONCURRENCY = YES;
				SWIFT_DEFAULT_ACTOR_ISOLATION = None;
				SWIFT_EMIT_LOC_STRINGS = YES;
				SWIFT_UPCOMING_FEATURE_MEMBER_IMPORT_VISIBILITY = YES;
				SWIFT_VERSION = 5.0;
				TARGETED_DEVICE_FAMILY = "1,2";
			};
			name = Release;
		};
		CB430B522F214935000FEFC0 /* Debug */ = {
			isa = XCBuildConfiguration;
			buildSettings = {
				BUNDLE_LOADER = "$(TEST_HOST)";
				CODE_SIGN_STYLE = Automatic;
				CURRENT_PROJECT_VERSION = 1;
				DEVELOPMENT_TEAM = 286LKF859M;
				GENERATE_INFOPLIST_FILE = YES;
				IPHONEOS_DEPLOYMENT_TARGET = 26.2;
				MARKETING_VERSION = 1.0;
				PRODUCT_BUNDLE_IDENTIFIER = com.dushin.BucketCopilotTests;
				PRODUCT_NAME = "$(TARGET_NAME)";
				STRING_CATALOG_GENERATE_SYMBOLS = NO;
				SWIFT_APPROACHABLE_CONCURRENCY = YES;
				SWIFT_EMIT_LOC_STRINGS = NO;
				SWIFT_UPCOMING_FEATURE_MEMBER_IMPORT_VISIBILITY = YES;
				SWIFT_VERSION = 5.0;
				TARGETED_DEVICE_FAMILY = "1,2";
				TEST_HOST = "$(BUILT_PRODUCTS_DIR)/BucketCopilot.app/$(BUNDLE_EXECUTABLE_FOLDER_PATH)/BucketCopilot";
			};
			name = Debug;
		};
		CB430B532F214935000FEFC0 /* Release */ = {
			isa = XCBuildConfiguration;
			buildSettings = {
				BUNDLE_LOADER = "$(TEST_HOST)";
				CODE_SIGN_STYLE = Automatic;
				CURRENT_PROJECT_VERSION = 1;
				DEVELOPMENT_TEAM = 286LKF859M;
				GENERATE_INFOPLIST_FILE = YES;
				IPHONEOS_DEPLOYMENT_TARGET = 26.2;
				MARKETING_VERSION = 1.0;
				PRODUCT_BUNDLE_IDENTIFIER = com.dushin.BucketCopilotTests;
				PRODUCT_NAME = "$(TARGET_NAME)";
				STRING_CATALOG_GENERATE_SYMBOLS = NO;
				SWIFT_APPROACHABLE_CONCURRENCY = YES;
				SWIFT_EMIT_LOC_STRINGS = NO;
				SWIFT_UPCOMING_FEATURE_MEMBER_IMPORT_VISIBILITY = YES;
				SWIFT_VERSION = 5.0;
				TARGETED_DEVICE_FAMILY = "1,2";
				TEST_HOST = "$(BUILT_PRODUCTS_DIR)/BucketCopilot.app/$(BUNDLE_EXECUTABLE_FOLDER_PATH)/BucketCopilot";
			};
			name = Release;
		};
		CB430B552F214935000FEFC0 /* Debug */ = {
			isa = XCBuildConfiguration;
			buildSettings = {
				CODE_SIGN_STYLE = Automatic;
				CURRENT_PROJECT_VERSION = 1;
				DEVELOPMENT_TEAM = 286LKF859M;
				GENERATE_INFOPLIST_FILE = YES;
				MARKETING_VERSION = 1.0;
				PRODUCT_BUNDLE_IDENTIFIER = com.dushin.BucketCopilotUITests;
				PRODUCT_NAME = "$(TARGET_NAME)";
				STRING_CATALOG_GENERATE_SYMBOLS = NO;
				SWIFT_APPROACHABLE_CONCURRENCY = YES;
				SWIFT_EMIT_LOC_STRINGS = NO;
				SWIFT_UPCOMING_FEATURE_MEMBER_IMPORT_VISIBILITY = YES;
				SWIFT_VERSION = 5.0;
				TARGETED_DEVICE_FAMILY = "1,2";
				TEST_TARGET_NAME = BucketCopilot;
			};
			name = Debug;
		};
		CB430B562F214935000FEFC0 /* Release */ = {
			isa = XCBuildConfiguration;
			buildSettings = {
				CODE_SIGN_STYLE = Automatic;
				CURRENT_PROJECT_VERSION = 1;
				DEVELOPMENT_TEAM = 286LKF859M;
				GENERATE_INFOPLIST_FILE = YES;
				MARKETING_VERSION = 1.0;
				PRODUCT_BUNDLE_IDENTIFIER = com.dushin.BucketCopilotUITests;
				PRODUCT_NAME = "$(TARGET_NAME)";
				STRING_CATALOG_GENERATE_SYMBOLS = NO;
				SWIFT_APPROACHABLE_CONCURRENCY = YES;
				SWIFT_EMIT_LOC_STRINGS = NO;
				SWIFT_UPCOMING_FEATURE_MEMBER_IMPORT_VISIBILITY = YES;
				SWIFT_VERSION = 5.0;
				TARGETED_DEVICE_FAMILY = "1,2";
				TEST_TARGET_NAME = BucketCopilot;
			};
			name = Release;
		};
/* End XCBuildConfiguration section */

/* Begin XCConfigurationList section */
		CB430B282F214931000FEFC0 /* Build configuration list for PBXProject "BucketCopilot" */ = {
			isa = XCConfigurationList;
			buildConfigurations = (
				CB430B4C2F214934000FEFC0 /* Debug */,
				CB430B4D2F214934000FEFC0 /* Release */,
			);
			defaultConfigurationIsVisible = 0;
			defaultConfigurationName = Release;
		};
		CB430B4E2F214934000FEFC0 /* Build configuration list for PBXNativeTarget "BucketCopilot" */ = {
			isa = XCConfigurationList;
			buildConfigurations = (
				CB430B4F2F214934000FEFC0 /* Debug */,
				CB430B502F214934000FEFC0 /* Release */,
			);
			defaultConfigurationIsVisible = 0;
			defaultConfigurationName = Release;
		};
		CB430B512F214935000FEFC0 /* Build configuration list for PBXNativeTarget "BucketCopilotTests" */ = {
			isa = XCConfigurationList;
			buildConfigurations = (
				CB430B522F214935000FEFC0 /* Debug */,
				CB430B532F214935000FEFC0 /* Release */,
			);
			defaultConfigurationIsVisible = 0;
			defaultConfigurationName = Release;
		};
		CB430B542F214935000FEFC0 /* Build configuration list for PBXNativeTarget "BucketCopilotUITests" */ = {
			isa = XCConfigurationList;
			buildConfigurations = (
				CB430B552F214935000FEFC0 /* Debug */,
				CB430B562F214935000FEFC0 /* Release */,
			);
			defaultConfigurationIsVisible = 0;
			defaultConfigurationName = Release;
		};
/* End XCConfigurationList section */

/* Begin XCRemoteSwiftPackageReference section */
		CB430BE92F21F5DD000FEFC0 /* XCRemoteSwiftPackageReference "plaid-link-ios-spm" */ = {
			isa = XCRemoteSwiftPackageReference;
			repositoryURL = "https://github.com/plaid/plaid-link-ios-spm";
			requirement = {
				kind = upToNextMajorVersion;
				minimumVersion = 6.0.4;
			};
		};
/* End XCRemoteSwiftPackageReference section */

/* Begin XCSwiftPackageProductDependency section */
		CBCC06B52F21FD7A0045701D /* LinkKit */ = {
			isa = XCSwiftPackageProductDependency;
			package = CB430BE92F21F5DD000FEFC0 /* XCRemoteSwiftPackageReference "plaid-link-ios-spm" */;
			productName = LinkKit;
		};
/* End XCSwiftPackageProductDependency section */
	};
	rootObject = CB430B252F214931000FEFC0 /* Project object */;
}
